{
  "name": "07-upgfn",
  "lockfileVersion": 3,
  "requires": true,
  "packages": {
    "": {
      "dependencies": {
        "noops-studio-password-generator": "^1.0.0"
      }
    },
    "node_modules/noops-studio-password-generator": {
      "version": "1.3.0",
      "resolved": "https://registry.npmjs.org/noops-studio-password-generator/-/noops-studio-password-generator-1.3.0.tgz",
      "integrity": "sha512-E3JFzpcOLO471LC19z4p79vuLo4+PAe5/P+9OOz0uHDmq5E1pJwYe81lD5czVWu7NGAgE/TgBo3jaWyADYB92w=="
    }
  }
}
